
Microsoft Visual Studio Solution File, Format Version 12.00
# Visual Studio Version 16
VisualStudioVersion = 16.0.29728.190
MinimumVisualStudioVersion = 10.0.40219.1
Project("{FAE04EC0-301F-11D3-BF4B-00C04F79EFBC}") = "Week 4 code along", "Week 4 code along\Week 4 code along.csproj", "{DCEA0AF2-CF5F-4857-B1BF-84DBC55FCC84}"
EndProject
Global
	GlobalSection(SolutionConfigurationPlatforms) = preSolution
		Debug|Any CPU = Debug|Any CPU
		Release|Any CPU = Release|Any CPU
	EndGlobalSection
	GlobalSection(ProjectConfigurationPlatforms) = postSolution
		{DCEA0AF2-CF5F-4857-B1BF-84DBC55FCC84}.Debug|Any CPU.ActiveCfg = Debug|Any CPU
		{DCEA0AF2-CF5F-4857-B1BF-84DBC55FCC84}.Debug|Any CPU.Build.0 = Debug|Any CPU
		{DCEA0AF2-CF5F-4857-B1BF-84DBC55FCC84}.Release|Any CPU.ActiveCfg = Release|Any CPU
		{DCEA0AF2-CF5F-4857-B1BF-84DBC55FCC84}.Release|Any CPU.Build.0 = Release|Any CPU
	EndGlobalSection
	GlobalSection(SolutionProperties) = preSolution
		HideSolutionNode = FALSE
	EndGlobalSection
	GlobalSection(ExtensibilityGlobals) = postSolution
		SolutionGuid = {E7111ABC-50DD-419D-BFCA-1338FA36FE28}
	EndGlobalSection
EndGlobal
